// !$*UTF8*$!
{
	archiveVersion = 1;
	classes = {
	};
	objectVersion = 77;
	objects = {

/* Begin PBXBuildFile section */
		357813932EE8D9CD0090E906 /* Assets.xcassets in Resources */ = {isa = PBXBuildFile; fileRef = 3578138F2EE8D9CD0090E906 /* Assets.xcassets */; };
		357813942EE8D9CD0090E906 /* RichTextEditorView.swift in Sources */ = {isa = PBXBuildFile; fileRef = 357813902EE8D9CD0090E906 /* RichTextEditorView.swift */; };
		357813952EE8D9CD0090E906 /* RichNotesApp.swift in Sources */ = {isa = PBXBuildFile; fileRef = 357813912EE8D9CD0090E906 /* RichNotesApp.swift */; };
		357813982EE8D9E90090E906 /* Color+Extension.swift in Sources */ = {isa = PBXBuildFile; fileRef = 357813972EE8D9E90090E906 /* Color+Extension.swift */; };
		3578139A2EE8DA190090E906 /* SelectionStyleHelper.swift in Sources */ = {isa = PBXBuildFile; fileRef = 357813992EE8DA190090E906 /* SelectionStyleHelper.swift */; };
		3578139D2EEA31550090E906 /* FormatStyleButtons.swift in Sources */ = {isa = PBXBuildFile; fileRef = 3578139C2EEA31550090E906 /* FormatStyleButtons.swift */; };
		3578139F2EEA36DC0090E906 /* MoreFormattingView.swift in Sources */ = {isa = PBXBuildFile; fileRef = 3578139E2EEA36DC0090E906 /* MoreFormattingView.swift */; };
		357813A12EEF3A0F0090E906 /* SelectBackground.swift in Sources */ = {isa = PBXBuildFile; fileRef = 357813A02EEF3A0F0090E906 /* SelectBackground.swift */; };
		357813E02EF1C7CD0090E906 /* RichTextNote.swift in Sources */ = {isa = PBXBuildFile; fileRef = 357813DF2EF1C7CD0090E906 /* RichTextNote.swift */; };
		357813E22EF1CDC50090E906 /* Category.swift in Sources */ = {isa = PBXBuildFile; fileRef = 357813E12EF1CDC50090E906 /* Category.swift */; };
		357813E42EF1D3340090E906 /* MockData.swift in Sources */ = {isa = PBXBuildFile; fileRef = 357813E32EF1D3340090E906 /* MockData.swift */; };
		357813E72EF223400090E906 /* 1.NotesView.swift in Sources */ = {isa = PBXBuildFile; fileRef = 357813E62EF223400090E906 /* 1.NotesView.swift */; };
		357813E92EF2365A0090E906 /* 2.NotesEditorView.swift in Sources */ = {isa = PBXBuildFile; fileRef = 357813E82EF2365A0090E906 /* 2.NotesEditorView.swift */; };
/* End PBXBuildFile section */

/* Begin PBXFileReference section */
		357813722EE8D9390090E906 /* RichNotes.app */ = {isa = PBXFileReference; explicitFileType = wrapper.application; includeInIndex = 0; path = RichNotes.app; sourceTree = BUILT_PRODUCTS_DIR; };
		3578138F2EE8D9CD0090E906 /* Assets.xcassets */ = {isa = PBXFileReference; lastKnownFileType = folder.assetcatalog; path = Assets.xcassets; sourceTree = "<group>"; };
		357813902EE8D9CD0090E906 /* RichTextEditorView.swift */ = {isa = PBXFileReference; lastKnownFileType = sourcecode.swift; path = RichTextEditorView.swift; sourceTree = "<group>"; };
		357813912EE8D9CD0090E906 /* RichNotesApp.swift */ = {isa = PBXFileReference; lastKnownFileType = sourcecode.swift; path = RichNotesApp.swift; sourceTree = "<group>"; };
		357813972EE8D9E90090E906 /* Color+Extension.swift */ = {isa = PBXFileReference; lastKnownFileType = sourcecode.swift; path = "Color+Extension.swift"; sourceTree = "<group>"; };
		357813992EE8DA190090E906 /* SelectionStyleHelper.swift */ = {isa = PBXFileReference; lastKnownFileType = sourcecode.swift; path = SelectionStyleHelper.swift; sourceTree = "<group>"; };
		3578139C2EEA31550090E906 /* FormatStyleButtons.swift */ = {isa = PBXFileReference; lastKnownFileType = sourcecode.swift; path = FormatStyleButtons.swift; sourceTree = "<group>"; };
		3578139E2EEA36DC0090E906 /* MoreFormattingView.swift */ = {isa = PBXFileReference; lastKnownFileType = sourcecode.swift; path = MoreFormattingView.swift; sourceTree = "<group>"; };
		357813A02EEF3A0F0090E906 /* SelectBackground.swift */ = {isa = PBXFileReference; lastKnownFileType = sourcecode.swift; path = SelectBackground.swift; sourceTree = "<group>"; };
		357813DF2EF1C7CD0090E906 /* RichTextNote.swift */ = {isa = PBXFileReference; lastKnownFileType = sourcecode.swift; path = RichTextNote.swift; sourceTree = "<group>"; };
		357813E12EF1CDC50090E906 /* Category.swift */ = {isa = PBXFileReference; lastKnownFileType = sourcecode.swift; path = Category.swift; sourceTree = "<group>"; };
		357813E32EF1D3340090E906 /* MockData.swift */ = {isa = PBXFileReference; lastKnownFileType = sourcecode.swift; path = MockData.swift; sourceTree = "<group>"; };
		357813E62EF223400090E906 /* 1.NotesView.swift */ = {isa = PBXFileReference; lastKnownFileType = sourcecode.swift; path = 1.NotesView.swift; sourceTree = "<group>"; };
		357813E82EF2365A0090E906 /* 2.NotesEditorView.swift */ = {isa = PBXFileReference; lastKnownFileType = sourcecode.swift; path = 2.NotesEditorView.swift; sourceTree = "<group>"; };
/* End PBXFileReference section */

/* Begin PBXFrameworksBuildPhase section */
		3578136F2EE8D9390090E906 /* Frameworks */ = {
			isa = PBXFrameworksBuildPhase;
			buildActionMask = 2147483647;
			files = (
			);
			runOnlyForDeploymentPostprocessing = 0;
		};
/* End PBXFrameworksBuildPhase section */

/* Begin PBXGroup section */
		357813692EE8D9380090E906 = {
			isa = PBXGroup;
			children = (
				357813922EE8D9CD0090E906 /* RichNotes */,
				357813732EE8D9390090E906 /* Products */,
			);
			sourceTree = "<group>";
		};
		357813732EE8D9390090E906 /* Products */ = {
			isa = PBXGroup;
			children = (
				357813722EE8D9390090E906 /* RichNotes.app */,
			);
			name = Products;
			sourceTree = "<group>";
		};
		357813922EE8D9CD0090E906 /* RichNotes */ = {
			isa = PBXGroup;
			children = (
				357813E52EF2232D0090E906 /* Views */,
				3578139B2EEA31000090E906 /* Keyboard Toolbar */,
				357813962EE8D9DC0090E906 /* Helpers */,
				3578138F2EE8D9CD0090E906 /* Assets.xcassets */,
				357813902EE8D9CD0090E906 /* RichTextEditorView.swift */,
				357813912EE8D9CD0090E906 /* RichNotesApp.swift */,
				357813DE2EF1C7A40090E906 /* Models */,
			);
			path = RichNotes;
			sourceTree = "<group>";
		};
		357813962EE8D9DC0090E906 /* Helpers */ = {
			isa = PBXGroup;
			children = (
				357813992EE8DA190090E906 /* SelectionStyleHelper.swift */,
				357813972EE8D9E90090E906 /* Color+Extension.swift */,
				357813A02EEF3A0F0090E906 /* SelectBackground.swift */,
			);
			path = Helpers;
			sourceTree = "<group>";
		};
		3578139B2EEA31000090E906 /* Keyboard Toolbar */ = {
			isa = PBXGroup;
			children = (
				3578139C2EEA31550090E906 /* FormatStyleButtons.swift */,
				3578139E2EEA36DC0090E906 /* MoreFormattingView.swift */,
			);
			path = "Keyboard Toolbar";
			sourceTree = "<group>";
		};
		357813DE2EF1C7A40090E906 /* Models */ = {
			isa = PBXGroup;
			children = (
				357813DF2EF1C7CD0090E906 /* RichTextNote.swift */,
				357813E12EF1CDC50090E906 /* Category.swift */,
				357813E32EF1D3340090E906 /* MockData.swift */,
			);
			path = Models;
			sourceTree = "<group>";
		};
		357813E52EF2232D0090E906 /* Views */ = {
			isa = PBXGroup;
			children = (
				357813E62EF223400090E906 /* 1.NotesView.swift */,
				357813E82EF2365A0090E906 /* 2.NotesEditorView.swift */,
			);
			path = Views;
			sourceTree = "<group>";
		};
/* End PBXGroup section */

/* Begin PBXNativeTarget section */
		357813712EE8D9390090E906 /* RichNotes */ = {
			isa = PBXNativeTarget;
			buildConfigurationList = 3578137D2EE8D93A0090E906 /* Build configuration list for PBXNativeTarget "RichNotes" */;
			buildPhases = (
				3578136E2EE8D9390090E906 /* Sources */,
				3578136F2EE8D9390090E906 /* Frameworks */,
				357813702EE8D9390090E906 /* Resources */,
			);
			buildRules = (
			);
			dependencies = (
			);
			name = RichNotes;
			packageProductDependencies = (
			);
			productName = RichNotes;
			productReference = 357813722EE8D9390090E906 /* RichNotes.app */;
			productType = "com.apple.product-type.application";
		};
/* End PBXNativeTarget section */

/* Begin PBXProject section */
		3578136A2EE8D9380090E906 /* Project object */ = {
			isa = PBXProject;
			attributes = {
				BuildIndependentTargetsInParallel = 1;
				LastSwiftUpdateCheck = 2610;
				LastUpgradeCheck = 2610;
				TargetAttributes = {
					357813712EE8D9390090E906 = {
						CreatedOnToolsVersion = 26.1.1;
					};
				};
			};
			buildConfigurationList = 3578136D2EE8D9380090E906 /* Build configuration list for PBXProject "RichNotes" */;
			developmentRegion = en;
			hasScannedForEncodings = 0;
			knownRegions = (
				en,
				Base,
			);
			mainGroup = 357813692EE8D9380090E906;
			minimizedProjectReferenceProxies = 1;
			preferredProjectObjectVersion = 77;
			productRefGroup = 357813732EE8D9390090E906 /* Products */;
			projectDirPath = "";
			projectRoot = "";
			targets = (
				357813712EE8D9390090E906 /* RichNotes */,
			);
		};
/* End PBXProject section */

/* Begin PBXResourcesBuildPhase section */
		357813702EE8D9390090E906 /* Resources */ = {
			isa = PBXResourcesBuildPhase;
			buildActionMask = 2147483647;
			files = (
				357813932EE8D9CD0090E906 /* Assets.xcassets in Resources */,
			);
			runOnlyForDeploymentPostprocessing = 0;
		};
/* End PBXResourcesBuildPhase section */

/* Begin PBXSourcesBuildPhase section */
		3578136E2EE8D9390090E906 /* Sources */ = {
			isa = PBXSourcesBuildPhase;
			buildActionMask = 2147483647;
			files = (
				3578139D2EEA31550090E906 /* FormatStyleButtons.swift in Sources */,
				357813942EE8D9CD0090E906 /* RichTextEditorView.swift in Sources */,
				357813982EE8D9E90090E906 /* Color+Extension.swift in Sources */,
				357813E92EF2365A0090E906 /* 2.NotesEditorView.swift in Sources */,
				357813A12EEF3A0F0090E906 /* SelectBackground.swift in Sources */,
				3578139A2EE8DA190090E906 /* SelectionStyleHelper.swift in Sources */,
				357813E42EF1D3340090E906 /* MockData.swift in Sources */,
				357813E72EF223400090E906 /* 1.NotesView.swift in Sources */,
				357813E22EF1CDC50090E906 /* Category.swift in Sources */,
				3578139F2EEA36DC0090E906 /* MoreFormattingView.swift in Sources */,
				357813E02EF1C7CD0090E906 /* RichTextNote.swift in Sources */,
				357813952EE8D9CD0090E906 /* RichNotesApp.swift in Sources */,
			);
			runOnlyForDeploymentPostprocessing = 0;
		};
/* End PBXSourcesBuildPhase section */

/* Begin XCBuildConfiguration section */
		3578137B2EE8D93A0090E906 /* Debug */ = {
			isa = XCBuildConfiguration;
			buildSettings = {
				ALWAYS_SEARCH_USER_PATHS = NO;
				ASSETCATALOG_COMPILER_GENERATE_SWIFT_ASSET_SYMBOL_EXTENSIONS = YES;
				CLANG_ANALYZER_NONNULL = YES;
				CLANG_ANALYZER_NUMBER_OBJECT_CONVERSION = YES_AGGRESSIVE;
				CLANG_CXX_LANGUAGE_STANDARD = "gnu++20";
				CLANG_ENABLE_MODULES = YES;
				CLANG_ENABLE_OBJC_ARC = YES;
				CLANG_ENABLE_OBJC_WEAK = YES;
				CLANG_WARN_BLOCK_CAPTURE_AUTORELEASING = YES;
				CLANG_WARN_BOOL_CONVERSION = YES;
				CLANG_WARN_COMMA = YES;
				CLANG_WARN_CONSTANT_CONVERSION = YES;
				CLANG_WARN_DEPRECATED_OBJC_IMPLEMENTATIONS = YES;
				CLANG_WARN_DIRECT_OBJC_ISA_USAGE = YES_ERROR;
				CLANG_WARN_DOCUMENTATION_COMMENTS = YES;
				CLANG_WARN_EMPTY_BODY = YES;
				CLANG_WARN_ENUM_CONVERSION = YES;
				CLANG_WARN_INFINITE_RECURSION = YES;
				CLANG_WARN_INT_CONVERSION = YES;
				CLANG_WARN_NON_LITERAL_NULL_CONVERSION = YES;
				CLANG_WARN_OBJC_IMPLICIT_RETAIN_SELF = YES;
				CLANG_WARN_OBJC_LITERAL_CONVERSION = YES;
				CLANG_WARN_OBJC_ROOT_CLASS = YES_ERROR;
				CLANG_WARN_QUOTED_INCLUDE_IN_FRAMEWORK_HEADER = YES;
				CLANG_WARN_RANGE_LOOP_ANALYSIS = YES;
				CLANG_WARN_STRICT_PROTOTYPES = YES;
				CLANG_WARN_SUSPICIOUS_MOVE = YES;
				CLANG_WARN_UNGUARDED_AVAILABILITY = YES_AGGRESSIVE;
				CLANG_WARN_UNREACHABLE_CODE = YES;
				CLANG_WARN__DUPLICATE_METHOD_MATCH = YES;
				COPY_PHASE_STRIP = NO;
				DEBUG_INFORMATION_FORMAT = dwarf;
				DEVELOPMENT_TEAM = 5N8R487PKB;
				ENABLE_STRICT_OBJC_MSGSEND = YES;
				ENABLE_TESTABILITY = YES;
				ENABLE_USER_SCRIPT_SANDBOXING = YES;
				GCC_C_LANGUAGE_STANDARD = gnu17;
				GCC_DYNAMIC_NO_PIC = NO;
				GCC_NO_COMMON_BLOCKS = YES;
				GCC_OPTIMIZATION_LEVEL = 0;
				GCC_PREPROCESSOR_DEFINITIONS = (
					"DEBUG=1",
					"$(inherited)",
				);
				GCC_WARN_64_TO_32_BIT_CONVERSION = YES;
				GCC_WARN_ABOUT_RETURN_TYPE = YES_ERROR;
				GCC_WARN_UNDECLARED_SELECTOR = YES;
				GCC_WARN_UNINITIALIZED_AUTOS = YES_AGGRESSIVE;
				GCC_WARN_UNUSED_FUNCTION = YES;
				GCC_WARN_UNUSED_VARIABLE = YES;
				IPHONEOS_DEPLOYMENT_TARGET = 26.1;
				LOCALIZATION_PREFERS_STRING_CATALOGS = YES;
				MTL_ENABLE_DEBUG_INFO = INCLUDE_SOURCE;
				MTL_FAST_MATH = YES;
				ONLY_ACTIVE_ARCH = YES;
				SDKROOT = iphoneos;
				SWIFT_ACTIVE_COMPILATION_CONDITIONS = "DEBUG $(inherited)";
				SWIFT_OPTIMIZATION_LEVEL = "-Onone";
			};
			name = Debug;
		};
		3578137C2EE8D93A0090E906 /* Release */ = {
			isa = XCBuildConfiguration;
			buildSettings = {
				ALWAYS_SEARCH_USER_PATHS = NO;
				ASSETCATALOG_COMPILER_GENERATE_SWIFT_ASSET_SYMBOL_EXTENSIONS = YES;
				CLANG_ANALYZER_NONNULL = YES;
				CLANG_ANALYZER_NUMBER_OBJECT_CONVERSION = YES_AGGRESSIVE;
				CLANG_CXX_LANGUAGE_STANDARD = "gnu++20";
				CLANG_ENABLE_MODULES = YES;
				CLANG_ENABLE_OBJC_ARC = YES;
				CLANG_ENABLE_OBJC_WEAK = YES;
				CLANG_WARN_BLOCK_CAPTURE_AUTORELEASING = YES;
				CLANG_WARN_BOOL_CONVERSION = YES;
				CLANG_WARN_COMMA = YES;
				CLANG_WARN_CONSTANT_CONVERSION = YES;
				CLANG_WARN_DEPRECATED_OBJC_IMPLEMENTATIONS = YES;
				CLANG_WARN_DIRECT_OBJC_ISA_USAGE = YES_ERROR;
				CLANG_WARN_DOCUMENTATION_COMMENTS = YES;
				CLANG_WARN_EMPTY_BODY = YES;
				CLANG_WARN_ENUM_CONVERSION = YES;
				CLANG_WARN_INFINITE_RECURSION = YES;
				CLANG_WARN_INT_CONVERSION = YES;
				CLANG_WARN_NON_LITERAL_NULL_CONVERSION = YES;
				CLANG_WARN_OBJC_IMPLICIT_RETAIN_SELF = YES;
				CLANG_WARN_OBJC_LITERAL_CONVERSION = YES;
				CLANG_WARN_OBJC_ROOT_CLASS = YES_ERROR;
				CLANG_WARN_QUOTED_INCLUDE_IN_FRAMEWORK_HEADER = YES;
				CLANG_WARN_RANGE_LOOP_ANALYSIS = YES;
				CLANG_WARN_STRICT_PROTOTYPES = YES;
				CLANG_WARN_SUSPICIOUS_MOVE = YES;
				CLANG_WARN_UNGUARDED_AVAILABILITY = YES_AGGRESSIVE;
				CLANG_WARN_UNREACHABLE_CODE = YES;
				CLANG_WARN__DUPLICATE_METHOD_MATCH = YES;
				COPY_PHASE_STRIP = NO;
				DEBUG_INFORMATION_FORMAT = "dwarf-with-dsym";
				DEVELOPMENT_TEAM = 5N8R487PKB;
				ENABLE_NS_ASSERTIONS = NO;
				ENABLE_STRICT_OBJC_MSGSEND = YES;
				ENABLE_USER_SCRIPT_SANDBOXING = YES;
				GCC_C_LANGUAGE_STANDARD = gnu17;
				GCC_NO_COMMON_BLOCKS = YES;
				GCC_WARN_64_TO_32_BIT_CONVERSION = YES;
				GCC_WARN_ABOUT_RETURN_TYPE = YES_ERROR;
				GCC_WARN_UNDECLARED_SELECTOR = YES;
				GCC_WARN_UNINITIALIZED_AUTOS = YES_AGGRESSIVE;
				GCC_WARN_UNUSED_FUNCTION = YES;
				GCC_WARN_UNUSED_VARIABLE = YES;
				IPHONEOS_DEPLOYMENT_TARGET = 26.1;
				LOCALIZATION_PREFERS_STRING_CATALOGS = YES;
				MTL_ENABLE_DEBUG_INFO = NO;
				MTL_FAST_MATH = YES;
				SDKROOT = iphoneos;
				SWIFT_COMPILATION_MODE = wholemodule;
				VALIDATE_PRODUCT = YES;
			};
			name = Release;
		};
		3578137E2EE8D93A0090E906 /* Debug */ = {
			isa = XCBuildConfiguration;
			buildSettings = {
				ASSETCATALOG_COMPILER_APPICON_NAME = AppIcon;
				ASSETCATALOG_COMPILER_GLOBAL_ACCENT_COLOR_NAME = AccentColor;
				CODE_SIGN_STYLE = Automatic;
				CURRENT_PROJECT_VERSION = 1;
				DEVELOPMENT_TEAM = 5N8R487PKB;
				ENABLE_PREVIEWS = YES;
				GENERATE_INFOPLIST_FILE = YES;
				INFOPLIST_KEY_UIApplicationSceneManifest_Generation = YES;
				INFOPLIST_KEY_UIApplicationSupportsIndirectInputEvents = YES;
				INFOPLIST_KEY_UILaunchScreen_Generation = YES;
				INFOPLIST_KEY_UISupportedInterfaceOrientations_iPad = "UIInterfaceOrientationPortrait UIInterfaceOrientationPortraitUpsideDown UIInterfaceOrientationLandscapeLeft UIInterfaceOrientationLandscapeRight";
				INFOPLIST_KEY_UISupportedInterfaceOrientations_iPhone = "UIInterfaceOrientationPortrait UIInterfaceOrientationLandscapeLeft UIInterfaceOrientationLandscapeRight";
				LD_RUNPATH_SEARCH_PATHS = (
					"$(inherited)",
					"@executable_path/Frameworks",
				);
				MARKETING_VERSION = 1.0;
				PRODUCT_BUNDLE_IDENTIFIER = name.SilviaCaraballo.RichNotes;
				PRODUCT_NAME = "$(TARGET_NAME)";
				STRING_CATALOG_GENERATE_SYMBOLS = YES;
				SWIFT_APPROACHABLE_CONCURRENCY = YES;
				SWIFT_DEFAULT_ACTOR_ISOLATION = MainActor;
				SWIFT_EMIT_LOC_STRINGS = YES;
				SWIFT_UPCOMING_FEATURE_MEMBER_IMPORT_VISIBILITY = YES;
				SWIFT_VERSION = 5.0;
				TARGETED_DEVICE_FAMILY = "1,2";
			};
			name = Debug;
		};
		3578137F2EE8D93A0090E906 /* Release */ = {
			isa = XCBuildConfiguration;
			buildSettings = {
				ASSETCATALOG_COMPILER_APPICON_NAME = AppIcon;
				ASSETCATALOG_COMPILER_GLOBAL_ACCENT_COLOR_NAME = AccentColor;
				CODE_SIGN_STYLE = Automatic;
				CURRENT_PROJECT_VERSION = 1;
				DEVELOPMENT_TEAM = 5N8R487PKB;
				ENABLE_PREVIEWS = YES;
				GENERATE_INFOPLIST_FILE = YES;
				INFOPLIST_KEY_UIApplicationSceneManifest_Generation = YES;
				INFOPLIST_KEY_UIApplicationSupportsIndirectInputEvents = YES;
				INFOPLIST_KEY_UILaunchScreen_Generation = YES;
				INFOPLIST_KEY_UISupportedInterfaceOrientations_iPad = "UIInterfaceOrientationPortrait UIInterfaceOrientationPortraitUpsideDown UIInterfaceOrientationLandscapeLeft UIInterfaceOrientationLandscapeRight";
				INFOPLIST_KEY_UISupportedInterfaceOrientations_iPhone = "UIInterfaceOrientationPortrait UIInterfaceOrientationLandscapeLeft UIInterfaceOrientationLandscapeRight";
				LD_RUNPATH_SEARCH_PATHS = (
					"$(inherited)",
					"@executable_path/Frameworks",
				);
				MARKETING_VERSION = 1.0;
				PRODUCT_BUNDLE_IDENTIFIER = name.SilviaCaraballo.RichNotes;
				PRODUCT_NAME = "$(TARGET_NAME)";
				STRING_CATALOG_GENERATE_SYMBOLS = YES;
				SWIFT_APPROACHABLE_CONCURRENCY = YES;
				SWIFT_DEFAULT_ACTOR_ISOLATION = MainActor;
				SWIFT_EMIT_LOC_STRINGS = YES;
				SWIFT_UPCOMING_FEATURE_MEMBER_IMPORT_VISIBILITY = YES;
				SWIFT_VERSION = 5.0;
				TARGETED_DEVICE_FAMILY = "1,2";
			};
			name = Release;
		};
/* End XCBuildConfiguration section */

/* Begin XCConfigurationList section */
		3578136D2EE8D9380090E906 /* Build configuration list for PBXProject "RichNotes" */ = {
			isa = XCConfigurationList;
			buildConfigurations = (
				3578137B2EE8D93A0090E906 /* Debug */,
				3578137C2EE8D93A0090E906 /* Release */,
			);
			defaultConfigurationIsVisible = 0;
			defaultConfigurationName = Release;
		};
		3578137D2EE8D93A0090E906 /* Build configuration list for PBXNativeTarget "RichNotes" */ = {
			isa = XCConfigurationList;
			buildConfigurations = (
				3578137E2EE8D93A0090E906 /* Debug */,
				3578137F2EE8D93A0090E906 /* Release */,
			);
			defaultConfigurationIsVisible = 0;
			defaultConfigurationName = Release;
		};
/* End XCConfigurationList section */
	};
	rootObject = 3578136A2EE8D9380090E906 /* Project object */;
}
